// !$*UTF8*$!
{
	archiveVersion = 1;
	classes = {
	};
	objectVersion = 56;
	objects = {

/* Begin PBXBuildFile section */
		7BAABC97DE081232C190B4C5 /* Pods_ATMinfo.framework in Frameworks */ = {isa = PBXBuildFile; fileRef = E9C9516234464F738E51B43B /* Pods_ATMinfo.framework */; };
		B9A0C1DC297066E000534DB9 /* AppDelegate.swift in Sources */ = {isa = PBXBuildFile; fileRef = B9A0C1DB297066E000534DB9 /* AppDelegate.swift */; };
		B9A0C1DE297066E000534DB9 /* SceneDelegate.swift in Sources */ = {isa = PBXBuildFile; fileRef = B9A0C1DD297066E000534DB9 /* SceneDelegate.swift */; };
		B9A0C1E0297066E000534DB9 /* ViewController.swift in Sources */ = {isa = PBXBuildFile; fileRef = B9A0C1DF297066E000534DB9 /* ViewController.swift */; };
		B9A0C1E3297066E000534DB9 /* Main.storyboard in Resources */ = {isa = PBXBuildFile; fileRef = B9A0C1E1297066E000534DB9 /* Main.storyboard */; };
		B9A0C1E5297066E000534DB9 /* Assets.xcassets in Resources */ = {isa = PBXBuildFile; fileRef = B9A0C1E4297066E000534DB9 /* Assets.xcassets */; };
		B9A0C1E8297066E000534DB9 /* LaunchScreen.storyboard in Resources */ = {isa = PBXBuildFile; fileRef = B9A0C1E6297066E000534DB9 /* LaunchScreen.storyboard */; };
		B9A0C1F1297069CF00534DB9 /* AtmApi.swift in Sources */ = {isa = PBXBuildFile; fileRef = B9A0C1F0297069CF00534DB9 /* AtmApi.swift */; };
		B9A0C1F429706D1A00534DB9 /* AtmModel.swift in Sources */ = {isa = PBXBuildFile; fileRef = B9A0C1F329706D1A00534DB9 /* AtmModel.swift */; };
		B9A0C1F62970702A00534DB9 /* AtmProvider.swift in Sources */ = {isa = PBXBuildFile; fileRef = B9A0C1F52970702A00534DB9 /* AtmProvider.swift */; };
		B9A0C1F929707CBA00534DB9 /* AtmInfoController.swift in Sources */ = {isa = PBXBuildFile; fileRef = B9A0C1F829707CBA00534DB9 /* AtmInfoController.swift */; };
/* End PBXBuildFile section */

/* Begin PBXFileReference section */
		6938B92499266802916325E7 /* Pods-ATMinfo.release.xcconfig */ = {isa = PBXFileReference; includeInIndex = 1; lastKnownFileType = text.xcconfig; name = "Pods-ATMinfo.release.xcconfig"; path = "Target Support Files/Pods-ATMinfo/Pods-ATMinfo.release.xcconfig"; sourceTree = "<group>"; };
		97FEFA8F569A602C984B8A96 /* Pods-ATMinfo.debug.xcconfig */ = {isa = PBXFileReference; includeInIndex = 1; lastKnownFileType = text.xcconfig; name = "Pods-ATMinfo.debug.xcconfig"; path = "Target Support Files/Pods-ATMinfo/Pods-ATMinfo.debug.xcconfig"; sourceTree = "<group>"; };
		B9A0C1D8297066E000534DB9 /* ATMinfo.app */ = {isa = PBXFileReference; explicitFileType = wrapper.application; includeInIndex = 0; path = ATMinfo.app; sourceTree = BUILT_PRODUCTS_DIR; };
		B9A0C1DB297066E000534DB9 /* AppDelegate.swift */ = {isa = PBXFileReference; lastKnownFileType = sourcecode.swift; path = AppDelegate.swift; sourceTree = "<group>"; };
		B9A0C1DD297066E000534DB9 /* SceneDelegate.swift */ = {isa = PBXFileReference; lastKnownFileType = sourcecode.swift; path = SceneDelegate.swift; sourceTree = "<group>"; };
		B9A0C1DF297066E000534DB9 /* ViewController.swift */ = {isa = PBXFileReference; lastKnownFileType = sourcecode.swift; path = ViewController.swift; sourceTree = "<group>"; };
		B9A0C1E2297066E000534DB9 /* Base */ = {isa = PBXFileReference; lastKnownFileType = file.storyboard; name = Base; path = Base.lproj/Main.storyboard; sourceTree = "<group>"; };
		B9A0C1E4297066E000534DB9 /* Assets.xcassets */ = {isa = PBXFileReference; lastKnownFileType = folder.assetcatalog; path = Assets.xcassets; sourceTree = "<group>"; };
		B9A0C1E7297066E000534DB9 /* Base */ = {isa = PBXFileReference; lastKnownFileType = file.storyboard; name = Base; path = Base.lproj/LaunchScreen.storyboard; sourceTree = "<group>"; };
		B9A0C1E9297066E000534DB9 /* Info.plist */ = {isa = PBXFileReference; lastKnownFileType = text.plist.xml; path = Info.plist; sourceTree = "<group>"; };
		B9A0C1F0297069CF00534DB9 /* AtmApi.swift */ = {isa = PBXFileReference; lastKnownFileType = sourcecode.swift; path = AtmApi.swift; sourceTree = "<group>"; };
		B9A0C1F329706D1A00534DB9 /* AtmModel.swift */ = {isa = PBXFileReference; lastKnownFileType = sourcecode.swift; path = AtmModel.swift; sourceTree = "<group>"; };
		B9A0C1F52970702A00534DB9 /* AtmProvider.swift */ = {isa = PBXFileReference; lastKnownFileType = sourcecode.swift; path = AtmProvider.swift; sourceTree = "<group>"; };
		B9A0C1F829707CBA00534DB9 /* AtmInfoController.swift */ = {isa = PBXFileReference; lastKnownFileType = sourcecode.swift; path = AtmInfoController.swift; sourceTree = "<group>"; };
		E9C9516234464F738E51B43B /* Pods_ATMinfo.framework */ = {isa = PBXFileReference; explicitFileType = wrapper.framework; includeInIndex = 0; path = Pods_ATMinfo.framework; sourceTree = BUILT_PRODUCTS_DIR; };
/* End PBXFileReference section */

/* Begin PBXFrameworksBuildPhase section */
		B9A0C1D5297066E000534DB9 /* Frameworks */ = {
			isa = PBXFrameworksBuildPhase;
			buildActionMask = 2147483647;
			files = (
				7BAABC97DE081232C190B4C5 /* Pods_ATMinfo.framework in Frameworks */,
			);
			runOnlyForDeploymentPostprocessing = 0;
		};
/* End PBXFrameworksBuildPhase section */

/* Begin PBXGroup section */
		B9A0C1CF297066E000534DB9 = {
			isa = PBXGroup;
			children = (
				B9A0C1DA297066E000534DB9 /* ATMinfo */,
				B9A0C1D9297066E000534DB9 /* Products */,
				F55C0FAF6D29A722667E8A8B /* Pods */,
				F520993585D2F17CF0E865C5 /* Frameworks */,
			);
			sourceTree = "<group>";
		};
		B9A0C1D9297066E000534DB9 /* Products */ = {
			isa = PBXGroup;
			children = (
				B9A0C1D8297066E000534DB9 /* ATMinfo.app */,
			);
			name = Products;
			sourceTree = "<group>";
		};
		B9A0C1DA297066E000534DB9 /* ATMinfo */ = {
			isa = PBXGroup;
			children = (
				B9A0C1F72970718000534DB9 /* AtmProvider */,
				B9A0C1F229706D0F00534DB9 /* AtmModel */,
				B9A0C1EF297069C100534DB9 /* AtmApi */,
				B9A0C1DB297066E000534DB9 /* AppDelegate.swift */,
				B9A0C1DD297066E000534DB9 /* SceneDelegate.swift */,
				B9A0C1DF297066E000534DB9 /* ViewController.swift */,
				B9A0C1E1297066E000534DB9 /* Main.storyboard */,
				B9A0C1E4297066E000534DB9 /* Assets.xcassets */,
				B9A0C1E6297066E000534DB9 /* LaunchScreen.storyboard */,
				B9A0C1E9297066E000534DB9 /* Info.plist */,
				B9A0C1F829707CBA00534DB9 /* AtmInfoController.swift */,
			);
			path = ATMinfo;
			sourceTree = "<group>";
		};
		B9A0C1EF297069C100534DB9 /* AtmApi */ = {
			isa = PBXGroup;
			children = (
				B9A0C1F0297069CF00534DB9 /* AtmApi.swift */,
			);
			path = AtmApi;
			sourceTree = "<group>";
		};
		B9A0C1F229706D0F00534DB9 /* AtmModel */ = {
			isa = PBXGroup;
			children = (
				B9A0C1F329706D1A00534DB9 /* AtmModel.swift */,
			);
			path = AtmModel;
			sourceTree = "<group>";
		};
		B9A0C1F72970718000534DB9 /* AtmProvider */ = {
			isa = PBXGroup;
			children = (
				B9A0C1F52970702A00534DB9 /* AtmProvider.swift */,
			);
			path = AtmProvider;
			sourceTree = "<group>";
		};
		F520993585D2F17CF0E865C5 /* Frameworks */ = {
			isa = PBXGroup;
			children = (
				E9C9516234464F738E51B43B /* Pods_ATMinfo.framework */,
			);
			name = Frameworks;
			sourceTree = "<group>";
		};
		F55C0FAF6D29A722667E8A8B /* Pods */ = {
			isa = PBXGroup;
			children = (
				97FEFA8F569A602C984B8A96 /* Pods-ATMinfo.debug.xcconfig */,
				6938B92499266802916325E7 /* Pods-ATMinfo.release.xcconfig */,
			);
			path = Pods;
			sourceTree = "<group>";
		};
/* End PBXGroup section */

/* Begin PBXNativeTarget section */
		B9A0C1D7297066E000534DB9 /* ATMinfo */ = {
			isa = PBXNativeTarget;
			buildConfigurationList = B9A0C1EC297066E000534DB9 /* Build configuration list for PBXNativeTarget "ATMinfo" */;
			buildPhases = (
				3FABF80017EC30A33BDC5F75 /* [CP] Check Pods Manifest.lock */,
				B9A0C1D4297066E000534DB9 /* Sources */,
				B9A0C1D5297066E000534DB9 /* Frameworks */,
				B9A0C1D6297066E000534DB9 /* Resources */,
				C3FF9BFE4E6439C8164323F0 /* [CP] Embed Pods Frameworks */,
				F4704E14CBC277C7B317BA3F /* [CP] Copy Pods Resources */,
			);
			buildRules = (
			);
			dependencies = (
			);
			name = ATMinfo;
			productName = ATMinfo;
			productReference = B9A0C1D8297066E000534DB9 /* ATMinfo.app */;
			productType = "com.apple.product-type.application";
		};
/* End PBXNativeTarget section */

/* Begin PBXProject section */
		B9A0C1D0297066E000534DB9 /* Project object */ = {
			isa = PBXProject;
			attributes = {
				BuildIndependentTargetsInParallel = 1;
				LastSwiftUpdateCheck = 1400;
				LastUpgradeCheck = 1400;
				TargetAttributes = {
					B9A0C1D7297066E000534DB9 = {
						CreatedOnToolsVersion = 14.0;
					};
				};
			};
			buildConfigurationList = B9A0C1D3297066E000534DB9 /* Build configuration list for PBXProject "ATMinfo" */;
			compatibilityVersion = "Xcode 14.0";
			developmentRegion = en;
			hasScannedForEncodings = 0;
			knownRegions = (
				en,
				Base,
			);
			mainGroup = B9A0C1CF297066E000534DB9;
			productRefGroup = B9A0C1D9297066E000534DB9 /* Products */;
			projectDirPath = "";
			projectRoot = "";
			targets = (
				B9A0C1D7297066E000534DB9 /* ATMinfo */,
			);
		};
/* End PBXProject section */

/* Begin PBXResourcesBuildPhase section */
		B9A0C1D6297066E000534DB9 /* Resources */ = {
			isa = PBXResourcesBuildPhase;
			buildActionMask = 2147483647;
			files = (
				B9A0C1E8297066E000534DB9 /* LaunchScreen.storyboard in Resources */,
				B9A0C1E5297066E000534DB9 /* Assets.xcassets in Resources */,
				B9A0C1E3297066E000534DB9 /* Main.storyboard in Resources */,
			);
			runOnlyForDeploymentPostprocessing = 0;
		};
/* End PBXResourcesBuildPhase section */

/* Begin PBXShellScriptBuildPhase section */
		3FABF80017EC30A33BDC5F75 /* [CP] Check Pods Manifest.lock */ = {
			isa = PBXShellScriptBuildPhase;
			buildActionMask = 2147483647;
			files = (
			);
			inputFileListPaths = (
			);
			inputPaths = (
				"${PODS_PODFILE_DIR_PATH}/Podfile.lock",
				"${PODS_ROOT}/Manifest.lock",
			);
			name = "[CP] Check Pods Manifest.lock";
			outputFileListPaths = (
			);
			outputPaths = (
				"$(DERIVED_FILE_DIR)/Pods-ATMinfo-checkManifestLockResult.txt",
			);
			runOnlyForDeploymentPostprocessing = 0;
			shellPath = /bin/sh;
			shellScript = "diff \"${PODS_PODFILE_DIR_PATH}/Podfile.lock\" \"${PODS_ROOT}/Manifest.lock\" > /dev/null\nif [ $? != 0 ] ; then\n    # print error to STDERR\n    echo \"error: The sandbox is not in sync with the Podfile.lock. Run 'pod install' or update your CocoaPods installation.\" >&2\n    exit 1\nfi\n# This output is used by Xcode 'outputs' to avoid re-running this script phase.\necho \"SUCCESS\" > \"${SCRIPT_OUTPUT_FILE_0}\"\n";
			showEnvVarsInLog = 0;
		};
		C3FF9BFE4E6439C8164323F0 /* [CP] Embed Pods Frameworks */ = {
			isa = PBXShellScriptBuildPhase;
			buildActionMask = 2147483647;
			files = (
			);
			inputFileListPaths = (
				"${PODS_ROOT}/Target Support Files/Pods-ATMinfo/Pods-ATMinfo-frameworks-${CONFIGURATION}-input-files.xcfilelist",
			);
			name = "[CP] Embed Pods Frameworks";
			outputFileListPaths = (
				"${PODS_ROOT}/Target Support Files/Pods-ATMinfo/Pods-ATMinfo-frameworks-${CONFIGURATION}-output-files.xcfilelist",
			);
			runOnlyForDeploymentPostprocessing = 0;
			shellPath = /bin/sh;
			shellScript = "\"${PODS_ROOT}/Target Support Files/Pods-ATMinfo/Pods-ATMinfo-frameworks.sh\"\n";
			showEnvVarsInLog = 0;
		};
		F4704E14CBC277C7B317BA3F /* [CP] Copy Pods Resources */ = {
			isa = PBXShellScriptBuildPhase;
			buildActionMask = 2147483647;
			files = (
			);
			inputFileListPaths = (
				"${PODS_ROOT}/Target Support Files/Pods-ATMinfo/Pods-ATMinfo-resources-${CONFIGURATION}-input-files.xcfilelist",
			);
			name = "[CP] Copy Pods Resources";
			outputFileListPaths = (
				"${PODS_ROOT}/Target Support Files/Pods-ATMinfo/Pods-ATMinfo-resources-${CONFIGURATION}-output-files.xcfilelist",
			);
			runOnlyForDeploymentPostprocessing = 0;
			shellPath = /bin/sh;
			shellScript = "\"${PODS_ROOT}/Target Support Files/Pods-ATMinfo/Pods-ATMinfo-resources.sh\"\n";
			showEnvVarsInLog = 0;
		};
/* End PBXShellScriptBuildPhase section */

/* Begin PBXSourcesBuildPhase section */
		B9A0C1D4297066E000534DB9 /* Sources */ = {
			isa = PBXSourcesBuildPhase;
			buildActionMask = 2147483647;
			files = (
				B9A0C1E0297066E000534DB9 /* ViewController.swift in Sources */,
				B9A0C1F429706D1A00534DB9 /* AtmModel.swift in Sources */,
				B9A0C1DC297066E000534DB9 /* AppDelegate.swift in Sources */,
				B9A0C1DE297066E000534DB9 /* SceneDelegate.swift in Sources */,
				B9A0C1F1297069CF00534DB9 /* AtmApi.swift in Sources */,
				B9A0C1F62970702A00534DB9 /* AtmProvider.swift in Sources */,
				B9A0C1F929707CBA00534DB9 /* AtmInfoController.swift in Sources */,
			);
			runOnlyForDeploymentPostprocessing = 0;
		};
/* End PBXSourcesBuildPhase section */

/* Begin PBXVariantGroup section */
		B9A0C1E1297066E000534DB9 /* Main.storyboard */ = {
			isa = PBXVariantGroup;
			children = (
				B9A0C1E2297066E000534DB9 /* Base */,
			);
			name = Main.storyboard;
			sourceTree = "<group>";
		};
		B9A0C1E6297066E000534DB9 /* LaunchScreen.storyboard */ = {
			isa = PBXVariantGroup;
			children = (
				B9A0C1E7297066E000534DB9 /* Base */,
			);
			name = LaunchScreen.storyboard;
			sourceTree = "<group>";
		};
/* End PBXVariantGroup section */

/* Begin XCBuildConfiguration section */
		B9A0C1EA297066E000534DB9 /* Debug */ = {
			isa = XCBuildConfiguration;
			buildSettings = {
				ALWAYS_SEARCH_USER_PATHS = NO;
				CLANG_ANALYZER_NONNULL = YES;
				CLANG_ANALYZER_NUMBER_OBJECT_CONVERSION = YES_AGGRESSIVE;
				CLANG_CXX_LANGUAGE_STANDARD = "gnu++20";
				CLANG_ENABLE_MODULES = YES;
				CLANG_ENABLE_OBJC_ARC = YES;
				CLANG_ENABLE_OBJC_WEAK = YES;
				CLANG_WARN_BLOCK_CAPTURE_AUTORELEASING = YES;
				CLANG_WARN_BOOL_CONVERSION = YES;
				CLANG_WARN_COMMA = YES;
				CLANG_WARN_CONSTANT_CONVERSION = YES;
				CLANG_WARN_DEPRECATED_OBJC_IMPLEMENTATIONS = YES;
				CLANG_WARN_DIRECT_OBJC_ISA_USAGE = YES_ERROR;
				CLANG_WARN_DOCUMENTATION_COMMENTS = YES;
				CLANG_WARN_EMPTY_BODY = YES;
				CLANG_WARN_ENUM_CONVERSION = YES;
				CLANG_WARN_INFINITE_RECURSION = YES;
				CLANG_WARN_INT_CONVERSION = YES;
				CLANG_WARN_NON_LITERAL_NULL_CONVERSION = YES;
				CLANG_WARN_OBJC_IMPLICIT_RETAIN_SELF = YES;
				CLANG_WARN_OBJC_LITERAL_CONVERSION = YES;
				CLANG_WARN_OBJC_ROOT_CLASS = YES_ERROR;
				CLANG_WARN_QUOTED_INCLUDE_IN_FRAMEWORK_HEADER = YES;
				CLANG_WARN_RANGE_LOOP_ANALYSIS = YES;
				CLANG_WARN_STRICT_PROTOTYPES = YES;
				CLANG_WARN_SUSPICIOUS_MOVE = YES;
				CLANG_WARN_UNGUARDED_AVAILABILITY = YES_AGGRESSIVE;
				CLANG_WARN_UNREACHABLE_CODE = YES;
				CLANG_WARN__DUPLICATE_METHOD_MATCH = YES;
				COPY_PHASE_STRIP = NO;
				DEBUG_INFORMATION_FORMAT = dwarf;
				ENABLE_STRICT_OBJC_MSGSEND = YES;
				ENABLE_TESTABILITY = YES;
				GCC_C_LANGUAGE_STANDARD = gnu11;
				GCC_DYNAMIC_NO_PIC = NO;
				GCC_NO_COMMON_BLOCKS = YES;
				GCC_OPTIMIZATION_LEVEL = 0;
				GCC_PREPROCESSOR_DEFINITIONS = (
					"DEBUG=1",
					"$(inherited)",
				);
				GCC_WARN_64_TO_32_BIT_CONVERSION = YES;
				GCC_WARN_ABOUT_RETURN_TYPE = YES_ERROR;
				GCC_WARN_UNDECLARED_SELECTOR = YES;
				GCC_WARN_UNINITIALIZED_AUTOS = YES_AGGRESSIVE;
				GCC_WARN_UNUSED_FUNCTION = YES;
				GCC_WARN_UNUSED_VARIABLE = YES;
				IPHONEOS_DEPLOYMENT_TARGET = 16.0;
				MTL_ENABLE_DEBUG_INFO = INCLUDE_SOURCE;
				MTL_FAST_MATH = YES;
				ONLY_ACTIVE_ARCH = YES;
				SDKROOT = iphoneos;
				SWIFT_ACTIVE_COMPILATION_CONDITIONS = DEBUG;
				SWIFT_OPTIMIZATION_LEVEL = "-Onone";
			};
			name = Debug;
		};
		B9A0C1EB297066E000534DB9 /* Release */ = {
			isa = XCBuildConfiguration;
			buildSettings = {
				ALWAYS_SEARCH_USER_PATHS = NO;
				CLANG_ANALYZER_NONNULL = YES;
				CLANG_ANALYZER_NUMBER_OBJECT_CONVERSION = YES_AGGRESSIVE;
				CLANG_CXX_LANGUAGE_STANDARD = "gnu++20";
				CLANG_ENABLE_MODULES = YES;
				CLANG_ENABLE_OBJC_ARC = YES;
				CLANG_ENABLE_OBJC_WEAK = YES;
				CLANG_WARN_BLOCK_CAPTURE_AUTORELEASING = YES;
				CLANG_WARN_BOOL_CONVERSION = YES;
				CLANG_WARN_COMMA = YES;
				CLANG_WARN_CONSTANT_CONVERSION = YES;
				CLANG_WARN_DEPRECATED_OBJC_IMPLEMENTATIONS = YES;
				CLANG_WARN_DIRECT_OBJC_ISA_USAGE = YES_ERROR;
				CLANG_WARN_DOCUMENTATION_COMMENTS = YES;
				CLANG_WARN_EMPTY_BODY = YES;
				CLANG_WARN_ENUM_CONVERSION = YES;
				CLANG_WARN_INFINITE_RECURSION = YES;
				CLANG_WARN_INT_CONVERSION = YES;
				CLANG_WARN_NON_LITERAL_NULL_CONVERSION = YES;
				CLANG_WARN_OBJC_IMPLICIT_RETAIN_SELF = YES;
				CLANG_WARN_OBJC_LITERAL_CONVERSION = YES;
				CLANG_WARN_OBJC_ROOT_CLASS = YES_ERROR;
				CLANG_WARN_QUOTED_INCLUDE_IN_FRAMEWORK_HEADER = YES;
				CLANG_WARN_RANGE_LOOP_ANALYSIS = YES;
				CLANG_WARN_STRICT_PROTOTYPES = YES;
				CLANG_WARN_SUSPICIOUS_MOVE = YES;
				CLANG_WARN_UNGUARDED_AVAILABILITY = YES_AGGRESSIVE;
				CLANG_WARN_UNREACHABLE_CODE = YES;
				CLANG_WARN__DUPLICATE_METHOD_MATCH = YES;
				COPY_PHASE_STRIP = NO;
				DEBUG_INFORMATION_FORMAT = "dwarf-with-dsym";
				ENABLE_NS_ASSERTIONS = NO;
				ENABLE_STRICT_OBJC_MSGSEND = YES;
				GCC_C_LANGUAGE_STANDARD = gnu11;
				GCC_NO_COMMON_BLOCKS = YES;
				GCC_WARN_64_TO_32_BIT_CONVERSION = YES;
				GCC_WARN_ABOUT_RETURN_TYPE = YES_ERROR;
				GCC_WARN_UNDECLARED_SELECTOR = YES;
				GCC_WARN_UNINITIALIZED_AUTOS = YES_AGGRESSIVE;
				GCC_WARN_UNUSED_FUNCTION = YES;
				GCC_WARN_UNUSED_VARIABLE = YES;
				IPHONEOS_DEPLOYMENT_TARGET = 16.0;
				MTL_ENABLE_DEBUG_INFO = NO;
				MTL_FAST_MATH = YES;
				SDKROOT = iphoneos;
				SWIFT_COMPILATION_MODE = wholemodule;
				SWIFT_OPTIMIZATION_LEVEL = "-O";
				VALIDATE_PRODUCT = YES;
			};
			name = Release;
		};
		B9A0C1ED297066E000534DB9 /* Debug */ = {
			isa = XCBuildConfiguration;
			baseConfigurationReference = 97FEFA8F569A602C984B8A96 /* Pods-ATMinfo.debug.xcconfig */;
			buildSettings = {
				ASSETCATALOG_COMPILER_APPICON_NAME = AppIcon;
				ASSETCATALOG_COMPILER_GLOBAL_ACCENT_COLOR_NAME = AccentColor;
				CODE_SIGN_STYLE = Automatic;
				CURRENT_PROJECT_VERSION = 1;
				DEVELOPMENT_TEAM = G264CBHMU9;
				GENERATE_INFOPLIST_FILE = YES;
				INFOPLIST_FILE = ATMinfo/Info.plist;
				INFOPLIST_KEY_UIApplicationSupportsIndirectInputEvents = YES;
				INFOPLIST_KEY_UILaunchStoryboardName = LaunchScreen;
				INFOPLIST_KEY_UIMainStoryboardFile = Main;
				INFOPLIST_KEY_UISupportedInterfaceOrientations_iPad = "UIInterfaceOrientationPortrait UIInterfaceOrientationPortraitUpsideDown UIInterfaceOrientationLandscapeLeft UIInterfaceOrientationLandscapeRight";
				INFOPLIST_KEY_UISupportedInterfaceOrientations_iPhone = "UIInterfaceOrientationPortrait UIInterfaceOrientationLandscapeLeft UIInterfaceOrientationLandscapeRight";
				LD_RUNPATH_SEARCH_PATHS = (
					"$(inherited)",
					"@executable_path/Frameworks",
				);
				MARKETING_VERSION = 1.0;
				PRODUCT_BUNDLE_IDENTIFIER = Courses.ATMinfo;
				PRODUCT_NAME = "$(TARGET_NAME)";
				SWIFT_EMIT_LOC_STRINGS = YES;
				SWIFT_VERSION = 5.0;
				TARGETED_DEVICE_FAMILY = "1,2";
			};
			name = Debug;
		};
		B9A0C1EE297066E000534DB9 /* Release */ = {
			isa = XCBuildConfiguration;
			baseConfigurationReference = 6938B92499266802916325E7 /* Pods-ATMinfo.release.xcconfig */;
			buildSettings = {
				ASSETCATALOG_COMPILER_APPICON_NAME = AppIcon;
				ASSETCATALOG_COMPILER_GLOBAL_ACCENT_COLOR_NAME = AccentColor;
				CODE_SIGN_STYLE = Automatic;
				CURRENT_PROJECT_VERSION = 1;
				DEVELOPMENT_TEAM = G264CBHMU9;
				GENERATE_INFOPLIST_FILE = YES;
				INFOPLIST_FILE = ATMinfo/Info.plist;
				INFOPLIST_KEY_UIApplicationSupportsIndirectInputEvents = YES;
				INFOPLIST_KEY_UILaunchStoryboardName = LaunchScreen;
				INFOPLIST_KEY_UIMainStoryboardFile = Main;
				INFOPLIST_KEY_UISupportedInterfaceOrientations_iPad = "UIInterfaceOrientationPortrait UIInterfaceOrientationPortraitUpsideDown UIInterfaceOrientationLandscapeLeft UIInterfaceOrientationLandscapeRight";
				INFOPLIST_KEY_UISupportedInterfaceOrientations_iPhone = "UIInterfaceOrientationPortrait UIInterfaceOrientationLandscapeLeft UIInterfaceOrientationLandscapeRight";
				LD_RUNPATH_SEARCH_PATHS = (
					"$(inherited)",
					"@executable_path/Frameworks",
				);
				MARKETING_VERSION = 1.0;
				PRODUCT_BUNDLE_IDENTIFIER = Courses.ATMinfo;
				PRODUCT_NAME = "$(TARGET_NAME)";
				SWIFT_EMIT_LOC_STRINGS = YES;
				SWIFT_VERSION = 5.0;
				TARGETED_DEVICE_FAMILY = "1,2";
			};
			name = Release;
		};
/* End XCBuildConfiguration section */

/* Begin XCConfigurationList section */
		B9A0C1D3297066E000534DB9 /* Build configuration list for PBXProject "ATMinfo" */ = {
			isa = XCConfigurationList;
			buildConfigurations = (
				B9A0C1EA297066E000534DB9 /* Debug */,
				B9A0C1EB297066E000534DB9 /* Release */,
			);
			defaultConfigurationIsVisible = 0;
			defaultConfigurationName = Release;
		};
		B9A0C1EC297066E000534DB9 /* Build configuration list for PBXNativeTarget "ATMinfo" */ = {
			isa = XCConfigurationList;
			buildConfigurations = (
				B9A0C1ED297066E000534DB9 /* Debug */,
				B9A0C1EE297066E000534DB9 /* Release */,
			);
			defaultConfigurationIsVisible = 0;
			defaultConfigurationName = Release;
		};
/* End XCConfigurationList section */
	};
	rootObject = B9A0C1D0297066E000534DB9 /* Project object */;
}
